
Microsoft Visual Studio Solution File, Format Version 12.00
# Visual Studio 15
VisualStudioVersion = 15.0.26730.12
MinimumVisualStudioVersion = 10.0.40219.1
Project("{FAE04EC0-301F-11D3-BF4B-00C04F79EFBC}") = "SondageServer", "WebApplication3\SondageServer.csproj", "{04CA9113-0783-44E9-BBE5-6B383068EC84}"
EndProject
Project("{FAE04EC0-301F-11D3-BF4B-00C04F79EFBC}") = "SondageClient", "ConsoleApp3\SondageClient.csproj", "{AC74A276-3139-44F9-A1B6-EA7D5345A431}"
EndProject
Project("{FAE04EC0-301F-11D3-BF4B-00C04F79EFBC}") = "SondageLibrary", "ClassLibrary1\SondageLibrary.csproj", "{3C2C7CC7-CF30-41CE-852D-D2FD3AD75E5A}"
EndProject
Global
	GlobalSection(SolutionConfigurationPlatforms) = preSolution
		Debug|Any CPU = Debug|Any CPU
		Release|Any CPU = Release|Any CPU
	EndGlobalSection
	GlobalSection(ProjectConfigurationPlatforms) = postSolution
		{04CA9113-0783-44E9-BBE5-6B383068EC84}.Debug|Any CPU.ActiveCfg = Debug|Any CPU
		{04CA9113-0783-44E9-BBE5-6B383068EC84}.Debug|Any CPU.Build.0 = Debug|Any CPU
		{04CA9113-0783-44E9-BBE5-6B383068EC84}.Release|Any CPU.ActiveCfg = Release|Any CPU
		{04CA9113-0783-44E9-BBE5-6B383068EC84}.Release|Any CPU.Build.0 = Release|Any CPU
		{AC74A276-3139-44F9-A1B6-EA7D5345A431}.Debug|Any CPU.ActiveCfg = Debug|Any CPU
		{AC74A276-3139-44F9-A1B6-EA7D5345A431}.Debug|Any CPU.Build.0 = Debug|Any CPU
		{AC74A276-3139-44F9-A1B6-EA7D5345A431}.Release|Any CPU.ActiveCfg = Release|Any CPU
		{AC74A276-3139-44F9-A1B6-EA7D5345A431}.Release|Any CPU.Build.0 = Release|Any CPU
		{3C2C7CC7-CF30-41CE-852D-D2FD3AD75E5A}.Debug|Any CPU.ActiveCfg = Debug|Any CPU
		{3C2C7CC7-CF30-41CE-852D-D2FD3AD75E5A}.Debug|Any CPU.Build.0 = Debug|Any CPU
		{3C2C7CC7-CF30-41CE-852D-D2FD3AD75E5A}.Release|Any CPU.ActiveCfg = Release|Any CPU
		{3C2C7CC7-CF30-41CE-852D-D2FD3AD75E5A}.Release|Any CPU.Build.0 = Release|Any CPU
	EndGlobalSection
	GlobalSection(SolutionProperties) = preSolution
		HideSolutionNode = FALSE
	EndGlobalSection
	GlobalSection(ExtensibilityGlobals) = postSolution
		SolutionGuid = {65CE8A5A-FA69-40B5-80E7-44C4F17FD2B6}
	EndGlobalSection
EndGlobal
